// !$*UTF8*$!
{
	archiveVersion = 1;
	classes = {
	};
	objectVersion = 77;
	objects = {

/* Begin PBXBuildFile section */
		B14DDF372DA041A400A263B8 /* NetworkExtension.framework in Frameworks */ = {isa = PBXBuildFile; fileRef = B14DDF362DA041A400A263B8 /* NetworkExtension.framework */; };
		B14DDF3F2DA041A400A263B8 /* SimpleURLFilterExtension.appex in Embed Foundation Extensions */ = {isa = PBXBuildFile; fileRef = B14DDF342DA041A400A263B8 /* SimpleURLFilterExtension.appex */; settings = {ATTRIBUTES = (RemoveHeadersOnCopy, ); }; };
		DBB7D44E2E25AEDF0038F338 /* SwiftBloomFilter.framework in Frameworks */ = {isa = PBXBuildFile; fileRef = DBB7D44D2E25AEDF0038F338 /* SwiftBloomFilter.framework */; };
		DBB7D44F2E25AEDF0038F338 /* SwiftBloomFilter.framework in Embed Frameworks */ = {isa = PBXBuildFile; fileRef = DBB7D44D2E25AEDF0038F338 /* SwiftBloomFilter.framework */; settings = {ATTRIBUTES = (CodeSignOnCopy, RemoveHeadersOnCopy, ); }; };
		E10000012DA041A400A263B8 /* LiveCallerIDLookupExtension.appex in Embed Foundation Extensions */ = {isa = PBXBuildFile; fileRef = E10000002DA041A400A263B8 /* LiveCallerIDLookupExtension.appex */; settings = {ATTRIBUTES = (RemoveHeadersOnCopy, ); }; };
		E10000032DA041A400A263B8 /* IdentityLookup.framework in Frameworks */ = {isa = PBXBuildFile; fileRef = E10000042DA041A400A263B8 /* IdentityLookup.framework */; };
/* End PBXBuildFile section */

/* Begin PBXContainerItemProxy section */
		B14DDF3D2DA041A400A263B8 /* PBXContainerItemProxy */ = {
			isa = PBXContainerItemProxy;
			containerPortal = DBB89FA42D9B557E00073A41 /* Project object */;
			proxyType = 1;
			remoteGlobalIDString = B14DDF332DA041A400A263B8;
			remoteInfo = SimpleURLFilterExtension;
		};
		E10000062DA041A400A263B8 /* PBXContainerItemProxy */ = {
			isa = PBXContainerItemProxy;
			containerPortal = DBB89FA42D9B557E00073A41 /* Project object */;
			proxyType = 1;
			remoteGlobalIDString = E10000052DA041A400A263B8;
			remoteInfo = LiveCallerIDLookupExtension;
		};
/* End PBXContainerItemProxy section */

/* Begin PBXCopyFilesBuildPhase section */
		B14DDF442DA041A400A263B8 /* Embed Foundation Extensions */ = {
			isa = PBXCopyFilesBuildPhase;
			buildActionMask = 2147483647;
			dstPath = "$(EXTENSIONS_FOLDER_PATH)";
			dstSubfolderSpec = 16;
			files = (
				B14DDF3F2DA041A400A263B8 /* SimpleURLFilterExtension.appex in Embed Foundation Extensions */,
				E10000012DA041A400A263B8 /* LiveCallerIDLookupExtension.appex in Embed Foundation Extensions */,
			);
			name = "Embed Foundation Extensions";
			runOnlyForDeploymentPostprocessing = 0;
		};
		DBB7D4502E25AEDF0038F338 /* Embed Frameworks */ = {
			isa = PBXCopyFilesBuildPhase;
			buildActionMask = 2147483647;
			dstPath = "";
			dstSubfolderSpec = 10;
			files = (
				DBB7D44F2E25AEDF0038F338 /* SwiftBloomFilter.framework in Embed Frameworks */,
			);
			name = "Embed Frameworks";
			runOnlyForDeploymentPostprocessing = 0;
		};
/* End PBXCopyFilesBuildPhase section */

/* Begin PBXFileReference section */
		523DA305B1884B4CF768F11B /* README.md */ = {isa = PBXFileReference; lastKnownFileType = net.daringfireball.markdown; name = README.md; path = ../README.md; sourceTree = "<group>"; };
		525E6E9F1B50302F818FE703 /* LICENSE.txt */ = {isa = PBXFileReference; includeInIndex = 1; lastKnownFileType = text; path = LICENSE.txt; sourceTree = "<group>"; };
		B14DDF342DA041A400A263B8 /* SimpleURLFilterExtension.appex */ = {isa = PBXFileReference; explicitFileType = "wrapper.app-extension"; includeInIndex = 0; path = SimpleURLFilterExtension.appex; sourceTree = BUILT_PRODUCTS_DIR; };
		B14DDF362DA041A400A263B8 /* NetworkExtension.framework */ = {isa = PBXFileReference; lastKnownFileType = wrapper.framework; name = NetworkExtension.framework; path = System/Library/Frameworks/NetworkExtension.framework; sourceTree = SDKROOT; };
		B6179BB21458EEA4C6461FA1 /* SampleCode.xcconfig */ = {isa = PBXFileReference; lastKnownFileType = text.xcconfig; name = SampleCode.xcconfig; path = ../Configuration/SampleCode.xcconfig; sourceTree = "<group>"; };
		DBB7D44D2E25AEDF0038F338 /* SwiftBloomFilter.framework */ = {isa = PBXFileReference; explicitFileType = wrapper.framework; path = SwiftBloomFilter.framework; sourceTree = BUILT_PRODUCTS_DIR; };
		DBB89FAC2D9B557E00073A41 /* SimpleURLFilter.app */ = {isa = PBXFileReference; explicitFileType = wrapper.application; includeInIndex = 0; path = SimpleURLFilter.app; sourceTree = BUILT_PRODUCTS_DIR; };
		E10000002DA041A400A263B8 /* LiveCallerIDLookupExtension.appex */ = {isa = PBXFileReference; explicitFileType = "wrapper.app-extension"; includeInIndex = 0; path = LiveCallerIDLookupExtension.appex; sourceTree = BUILT_PRODUCTS_DIR; };
		E10000042DA041A400A263B8 /* IdentityLookup.framework */ = {isa = PBXFileReference; lastKnownFileType = wrapper.framework; name = IdentityLookup.framework; path = System/Library/Frameworks/IdentityLookup.framework; sourceTree = SDKROOT; };
/* End PBXFileReference section */

/* Begin PBXFileSystemSynchronizedBuildFileExceptionSet section */
		B14DDF402DA041A400A263B8 /* Exceptions for "SimpleURLFilterExtension" folder in "SimpleURLFilterExtension" target */ = {
			isa = PBXFileSystemSynchronizedBuildFileExceptionSet;
			membershipExceptions = (
				Info.plist,
			);
			target = B14DDF332DA041A400A263B8 /* SimpleURLFilterExtension */;
		};
		DBCEB5F82DA5BB65009F5D5C /* Exceptions for "SimpleURLFilter" folder in "SimpleURLFilterExtension" target */ = {
			isa = PBXFileSystemSynchronizedBuildFileExceptionSet;
			membershipExceptions = (
				"Utils/Logger+Utils.swift",
			);
			target = B14DDF332DA041A400A263B8 /* SimpleURLFilterExtension */;
		};
		E10000072DA041A400A263B8 /* Exceptions for "LiveCallerID" folder in "LiveCallerIDLookupExtension" target */ = {
			isa = PBXFileSystemSynchronizedBuildFileExceptionSet;
			membershipExceptions = (
				Info.plist,
			);
			target = E10000052DA041A400A263B8 /* LiveCallerIDLookupExtension */;
		};
/* End PBXFileSystemSynchronizedBuildFileExceptionSet section */

/* Begin PBXFileSystemSynchronizedRootGroup section */
		B14DDF382DA041A400A263B8 /* SimpleURLFilterExtension */ = {
			isa = PBXFileSystemSynchronizedRootGroup;
			exceptions = (
				B14DDF402DA041A400A263B8 /* Exceptions for "SimpleURLFilterExtension" folder in "SimpleURLFilterExtension" target */,
			);
			path = SimpleURLFilterExtension;
			sourceTree = "<group>";
		};
		DBB89FAE2D9B557E00073A41 /* SimpleURLFilter */ = {
			isa = PBXFileSystemSynchronizedRootGroup;
			exceptions = (
				DBCEB5F82DA5BB65009F5D5C /* Exceptions for "SimpleURLFilter" folder in "SimpleURLFilterExtension" target */,
			);
			path = SimpleURLFilter;
			sourceTree = "<group>";
		};
		E10000082DA041A400A263B8 /* LiveCallerID */ = {
			isa = PBXFileSystemSynchronizedRootGroup;
			exceptions = (
				E10000072DA041A400A263B8 /* Exceptions for "LiveCallerID" folder in "LiveCallerIDLookupExtension" target */,
			);
			path = LiveCallerID;
			sourceTree = "<group>";
		};
/* End PBXFileSystemSynchronizedRootGroup section */

/* Begin PBXFrameworksBuildPhase section */
		B14DDF312DA041A400A263B8 /* Frameworks */ = {
			isa = PBXFrameworksBuildPhase;
			buildActionMask = 2147483647;
			files = (
				DBB7D44E2E25AEDF0038F338 /* SwiftBloomFilter.framework in Frameworks */,
				B14DDF372DA041A400A263B8 /* NetworkExtension.framework in Frameworks */,
			);
			runOnlyForDeploymentPostprocessing = 0;
		};
		DBB89FA92D9B557E00073A41 /* Frameworks */ = {
			isa = PBXFrameworksBuildPhase;
			buildActionMask = 2147483647;
			files = (
			);
			runOnlyForDeploymentPostprocessing = 0;
		};
		E10000092DA041A400A263B8 /* Frameworks */ = {
			isa = PBXFrameworksBuildPhase;
			buildActionMask = 2147483647;
			files = (
				E10000032DA041A400A263B8 /* IdentityLookup.framework in Frameworks */,
			);
			runOnlyForDeploymentPostprocessing = 0;
		};
/* End PBXFrameworksBuildPhase section */

/* Begin PBXGroup section */
		72DDBDCA300841F200D3A20B /* Recovered References */ = {
			isa = PBXGroup;
			children = (
				E10000042DA041A400A263B8 /* IdentityLookup.framework */,
			);
			name = "Recovered References";
			sourceTree = "<group>";
		};
		B14DDF352DA041A400A263B8 /* Frameworks */ = {
			isa = PBXGroup;
			children = (
				DBB7D44D2E25AEDF0038F338 /* SwiftBloomFilter.framework */,
				B14DDF362DA041A400A263B8 /* NetworkExtension.framework */,
			);
			name = Frameworks;
			sourceTree = "<group>";
		};
		D40DA4594FF30C188098F45A /* LICENSE */ = {
			isa = PBXGroup;
			children = (
				525E6E9F1B50302F818FE703 /* LICENSE.txt */,
			);
			name = LICENSE;
			path = ..;
			sourceTree = "<group>";
		};
		DBB89FA32D9B557E00073A41 = {
			isa = PBXGroup;
			children = (
				523DA305B1884B4CF768F11B /* README.md */,
				DBB89FAE2D9B557E00073A41 /* SimpleURLFilter */,
				B14DDF382DA041A400A263B8 /* SimpleURLFilterExtension */,
				B14DDF352DA041A400A263B8 /* Frameworks */,
				E10000082DA041A400A263B8 /* LiveCallerID */,
				DBB89FAD2D9B557E00073A41 /* Products */,
				FCF03E813E522BA99408D12E /* Configuration */,
				D40DA4594FF30C188098F45A /* LICENSE */,
				72DDBDCA300841F200D3A20B /* Recovered References */,
			);
			sourceTree = "<group>";
		};
		DBB89FAD2D9B557E00073A41 /* Products */ = {
			isa = PBXGroup;
			children = (
				DBB89FAC2D9B557E00073A41 /* SimpleURLFilter.app */,
				B14DDF342DA041A400A263B8 /* SimpleURLFilterExtension.appex */,
				E10000002DA041A400A263B8 /* LiveCallerIDLookupExtension.appex */,
			);
			name = Products;
			sourceTree = "<group>";
		};
		FCF03E813E522BA99408D12E /* Configuration */ = {
			isa = PBXGroup;
			children = (
				B6179BB21458EEA4C6461FA1 /* SampleCode.xcconfig */,
			);
			name = Configuration;
			sourceTree = "<group>";
		};
/* End PBXGroup section */

/* Begin PBXNativeTarget section */
		B14DDF332DA041A400A263B8 /* SimpleURLFilterExtension */ = {
			isa = PBXNativeTarget;
			buildConfigurationList = B14DDF412DA041A400A263B8 /* Build configuration list for PBXNativeTarget "SimpleURLFilterExtension" */;
			buildPhases = (
				B14DDF302DA041A400A263B8 /* Sources */,
				B14DDF312DA041A400A263B8 /* Frameworks */,
				B14DDF322DA041A400A263B8 /* Resources */,
				DBB7D4502E25AEDF0038F338 /* Embed Frameworks */,
			);
			buildRules = (
			);
			dependencies = (
			);
			fileSystemSynchronizedGroups = (
				B14DDF382DA041A400A263B8 /* SimpleURLFilterExtension */,
			);
			name = SimpleURLFilterExtension;
			productName = SimpleURLFilterExtension;
			productReference = B14DDF342DA041A400A263B8 /* SimpleURLFilterExtension.appex */;
			productType = "com.apple.product-type.app-extension";
		};
		DBB89FAB2D9B557E00073A41 /* SimpleURLFilter */ = {
			isa = PBXNativeTarget;
			buildConfigurationList = DBB89FBA2D9B557F00073A41 /* Build configuration list for PBXNativeTarget "SimpleURLFilter" */;
			buildPhases = (
				DBB89FA82D9B557E00073A41 /* Sources */,
				DBB89FA92D9B557E00073A41 /* Frameworks */,
				DBB89FAA2D9B557E00073A41 /* Resources */,
				B14DDF442DA041A400A263B8 /* Embed Foundation Extensions */,
			);
			buildRules = (
			);
			dependencies = (
				B14DDF3E2DA041A400A263B8 /* PBXTargetDependency */,
				E100000D2DA041A400A263B8 /* PBXTargetDependency */,
			);
			fileSystemSynchronizedGroups = (
				DBB89FAE2D9B557E00073A41 /* SimpleURLFilter */,
			);
			name = SimpleURLFilter;
			productName = SimpleURLFilter;
			productReference = DBB89FAC2D9B557E00073A41 /* SimpleURLFilter.app */;
			productType = "com.apple.product-type.application";
		};
		E10000052DA041A400A263B8 /* LiveCallerIDLookupExtension */ = {
			isa = PBXNativeTarget;
			buildConfigurationList = E10000102DA041A400A263B8 /* Build configuration list for PBXNativeTarget "LiveCallerIDLookupExtension" */;
			buildPhases = (
				E100000B2DA041A400A263B8 /* Sources */,
				E10000092DA041A400A263B8 /* Frameworks */,
				E100000C2DA041A400A263B8 /* Resources */,
			);
			buildRules = (
			);
			dependencies = (
			);
			fileSystemSynchronizedGroups = (
				E10000082DA041A400A263B8 /* LiveCallerID */,
			);
			name = LiveCallerIDLookupExtension;
			productName = LiveCallerIDLookupExtension;
			productReference = E10000002DA041A400A263B8 /* LiveCallerIDLookupExtension.appex */;
			productType = "com.apple.product-type.app-extension";
		};
/* End PBXNativeTarget section */

/* Begin PBXProject section */
		DBB89FA42D9B557E00073A41 /* Project object */ = {
			isa = PBXProject;
			attributes = {
				BuildIndependentTargetsInParallel = 1;
				LastSwiftUpdateCheck = 1700;
				LastUpgradeCheck = 1700;
				ORGANIZATIONNAME = Apple;
				TargetAttributes = {
					B14DDF332DA041A400A263B8 = {
						CreatedOnToolsVersion = 17.0;
					};
					DBB89FAB2D9B557E00073A41 = {
						CreatedOnToolsVersion = 16.2;
					};
				};
			};
			buildConfigurationList = DBB89FA72D9B557E00073A41 /* Build configuration list for PBXProject "SimpleURLFilter" */;
			developmentRegion = en;
			hasScannedForEncodings = 0;
			knownRegions = (
				en,
				Base,
			);
			mainGroup = DBB89FA32D9B557E00073A41;
			preferredProjectObjectVersion = 77;
			productRefGroup = DBB89FAD2D9B557E00073A41 /* Products */;
			projectDirPath = "";
			projectRoot = "";
			targets = (
				DBB89FAB2D9B557E00073A41 /* SimpleURLFilter */,
				B14DDF332DA041A400A263B8 /* SimpleURLFilterExtension */,
				E10000052DA041A400A263B8 /* LiveCallerIDLookupExtension */,
			);
		};
/* End PBXProject section */

/* Begin PBXResourcesBuildPhase section */
		B14DDF322DA041A400A263B8 /* Resources */ = {
			isa = PBXResourcesBuildPhase;
			buildActionMask = 2147483647;
			files = (
			);
			runOnlyForDeploymentPostprocessing = 0;
		};
		DBB89FAA2D9B557E00073A41 /* Resources */ = {
			isa = PBXResourcesBuildPhase;
			buildActionMask = 2147483647;
			files = (
			);
			runOnlyForDeploymentPostprocessing = 0;
		};
		E100000C2DA041A400A263B8 /* Resources */ = {
			isa = PBXResourcesBuildPhase;
			buildActionMask = 2147483647;
			files = (
			);
			runOnlyForDeploymentPostprocessing = 0;
		};
/* End PBXResourcesBuildPhase section */

/* Begin PBXSourcesBuildPhase section */
		B14DDF302DA041A400A263B8 /* Sources */ = {
			isa = PBXSourcesBuildPhase;
			buildActionMask = 2147483647;
			files = (
			);
			runOnlyForDeploymentPostprocessing = 0;
		};
		DBB89FA82D9B557E00073A41 /* Sources */ = {
			isa = PBXSourcesBuildPhase;
			buildActionMask = 2147483647;
			files = (
			);
			runOnlyForDeploymentPostprocessing = 0;
		};
		E100000B2DA041A400A263B8 /* Sources */ = {
			isa = PBXSourcesBuildPhase;
			buildActionMask = 2147483647;
			files = (
			);
			runOnlyForDeploymentPostprocessing = 0;
		};
/* End PBXSourcesBuildPhase section */

/* Begin PBXTargetDependency section */
		B14DDF3E2DA041A400A263B8 /* PBXTargetDependency */ = {
			isa = PBXTargetDependency;
			target = B14DDF332DA041A400A263B8 /* SimpleURLFilterExtension */;
			targetProxy = B14DDF3D2DA041A400A263B8 /* PBXContainerItemProxy */;
		};
		E100000D2DA041A400A263B8 /* PBXTargetDependency */ = {
			isa = PBXTargetDependency;
			target = E10000052DA041A400A263B8 /* LiveCallerIDLookupExtension */;
			targetProxy = E10000062DA041A400A263B8 /* PBXContainerItemProxy */;
		};
/* End PBXTargetDependency section */

/* Begin XCBuildConfiguration section */
		B14DDF422DA041A400A263B8 /* Debug */ = {
			isa = XCBuildConfiguration;
			baseConfigurationReference = B6179BB21458EEA4C6461FA1 /* SampleCode.xcconfig */;
			buildSettings = {
				AD_HOC_CODE_SIGNING_ALLOWED = YES;
				CODE_SIGN_ENTITLEMENTS = SimpleURLFilterExtension/SimpleURLFilterExtension.entitlements;
				CODE_SIGN_IDENTITY = "Apple Development";
				CODE_SIGN_STYLE = Automatic;
				CURRENT_PROJECT_VERSION = 1;
				DEVELOPMENT_TEAM = APKA63ZY6L;
				ENABLE_APP_SANDBOX = YES;
				ENABLE_HARDENED_RUNTIME = YES;
				ENABLE_OUTGOING_NETWORK_CONNECTIONS = YES;
				ENABLE_USER_SCRIPT_SANDBOXING = YES;
				GENERATE_INFOPLIST_FILE = YES;
				INFOPLIST_FILE = SimpleURLFilterExtension/Info.plist;
				INFOPLIST_KEY_CFBundleDisplayName = SimpleURLFilterProvider;
				INFOPLIST_KEY_NSHumanReadableCopyright = "";
				IPHONEOS_DEPLOYMENT_TARGET = 26.0;
				LD_RUNPATH_SEARCH_PATHS = (
					"$(inherited)",
					"@executable_path/Frameworks",
					"@executable_path/../Frameworks",
				);
				MACOSX_DEPLOYMENT_TARGET = 26.0;
				MARKETING_VERSION = 1.0;
				PRODUCT_BUNDLE_IDENTIFIER = com.jdjr.samplecode.SwiftBloomFilter.SimpleURLFilterExtension;
				PRODUCT_NAME = "$(TARGET_NAME)";
				PROVISIONING_PROFILE_SPECIFIER = "";
				REGISTER_APP_GROUPS = YES;
				SKIP_INSTALL = YES;
				SUPPORTED_PLATFORMS = "iphoneos iphonesimulator macosx";
				SUPPORTS_MACCATALYST = NO;
				SUPPORTS_MAC_DESIGNED_FOR_IPHONE_IPAD = NO;
				SWIFT_EMIT_LOC_STRINGS = YES;
				SWIFT_VERSION = 5.0;
				TARGETED_DEVICE_FAMILY = "1,2";
			};
			name = Debug;
		};
		B14DDF432DA041A400A263B8 /* Release */ = {
			isa = XCBuildConfiguration;
			baseConfigurationReference = B6179BB21458EEA4C6461FA1 /* SampleCode.xcconfig */;
			buildSettings = {
				AD_HOC_CODE_SIGNING_ALLOWED = YES;
				CODE_SIGN_ENTITLEMENTS = SimpleURLFilterExtension/SimpleURLFilterExtension.entitlements;
				CODE_SIGN_IDENTITY = "Apple Development";
				CODE_SIGN_STYLE = Automatic;
				CURRENT_PROJECT_VERSION = 1;
				DEVELOPMENT_TEAM = APKA63ZY6L;
				ENABLE_APP_SANDBOX = YES;
				ENABLE_HARDENED_RUNTIME = YES;
				ENABLE_OUTGOING_NETWORK_CONNECTIONS = YES;
				ENABLE_USER_SCRIPT_SANDBOXING = YES;
				GENERATE_INFOPLIST_FILE = YES;
				INFOPLIST_FILE = SimpleURLFilterExtension/Info.plist;
				INFOPLIST_KEY_CFBundleDisplayName = SimpleURLFilterProvider;
				INFOPLIST_KEY_NSHumanReadableCopyright = "";
				IPHONEOS_DEPLOYMENT_TARGET = 26.0;
				LD_RUNPATH_SEARCH_PATHS = (
					"$(inherited)",
					"@executable_path/Frameworks",
					"@executable_path/../Frameworks",
				);
				MACOSX_DEPLOYMENT_TARGET = 26.0;
				MARKETING_VERSION = 1.0;
				PRODUCT_BUNDLE_IDENTIFIER = com.jdjr.samplecode.SwiftBloomFilter.SimpleURLFilterExtension;
				PRODUCT_NAME = "$(TARGET_NAME)";
				PROVISIONING_PROFILE_SPECIFIER = "";
				REGISTER_APP_GROUPS = YES;
				SKIP_INSTALL = YES;
				SUPPORTED_PLATFORMS = "iphoneos iphonesimulator macosx";
				SUPPORTS_MACCATALYST = NO;
				SUPPORTS_MAC_DESIGNED_FOR_IPHONE_IPAD = NO;
				SWIFT_EMIT_LOC_STRINGS = YES;
				SWIFT_VERSION = 5.0;
				TARGETED_DEVICE_FAMILY = "1,2";
			};
			name = Release;
		};
		DBB89FB82D9B557F00073A41 /* Debug */ = {
			isa = XCBuildConfiguration;
			baseConfigurationReference = B6179BB21458EEA4C6461FA1 /* SampleCode.xcconfig */;
			buildSettings = {
				ALWAYS_SEARCH_USER_PATHS = NO;
				ASSETCATALOG_COMPILER_GENERATE_SWIFT_ASSET_SYMBOL_EXTENSIONS = YES;
				CLANG_ANALYZER_NONNULL = YES;
				CLANG_ANALYZER_NUMBER_OBJECT_CONVERSION = YES_AGGRESSIVE;
				CLANG_CXX_LANGUAGE_STANDARD = "gnu++20";
				CLANG_ENABLE_MODULES = YES;
				CLANG_ENABLE_OBJC_ARC = YES;
				CLANG_ENABLE_OBJC_WEAK = YES;
				CLANG_WARN_BLOCK_CAPTURE_AUTORELEASING = YES;
				CLANG_WARN_BOOL_CONVERSION = YES;
				CLANG_WARN_COMMA = YES;
				CLANG_WARN_CONSTANT_CONVERSION = YES;
				CLANG_WARN_DEPRECATED_OBJC_IMPLEMENTATIONS = YES;
				CLANG_WARN_DIRECT_OBJC_ISA_USAGE = YES_ERROR;
				CLANG_WARN_DOCUMENTATION_COMMENTS = YES;
				CLANG_WARN_EMPTY_BODY = YES;
				CLANG_WARN_ENUM_CONVERSION = YES;
				CLANG_WARN_INFINITE_RECURSION = YES;
				CLANG_WARN_INT_CONVERSION = YES;
				CLANG_WARN_NON_LITERAL_NULL_CONVERSION = YES;
				CLANG_WARN_OBJC_IMPLICIT_RETAIN_SELF = YES;
				CLANG_WARN_OBJC_LITERAL_CONVERSION = YES;
				CLANG_WARN_OBJC_ROOT_CLASS = YES_ERROR;
				CLANG_WARN_QUOTED_INCLUDE_IN_FRAMEWORK_HEADER = YES;
				CLANG_WARN_RANGE_LOOP_ANALYSIS = YES;
				CLANG_WARN_STRICT_PROTOTYPES = YES;
				CLANG_WARN_SUSPICIOUS_MOVE = YES;
				CLANG_WARN_UNGUARDED_AVAILABILITY = YES_AGGRESSIVE;
				CLANG_WARN_UNREACHABLE_CODE = YES;
				CLANG_WARN__DUPLICATE_METHOD_MATCH = YES;
				COPY_PHASE_STRIP = NO;
				DEBUG_INFORMATION_FORMAT = dwarf;
				DEVELOPMENT_TEAM = APKA63ZY6L;
				ENABLE_STRICT_OBJC_MSGSEND = YES;
				ENABLE_TESTABILITY = YES;
				ENABLE_USER_SCRIPT_SANDBOXING = YES;
				GCC_C_LANGUAGE_STANDARD = gnu17;
				GCC_DYNAMIC_NO_PIC = NO;
				GCC_NO_COMMON_BLOCKS = YES;
				GCC_OPTIMIZATION_LEVEL = 0;
				GCC_PREPROCESSOR_DEFINITIONS = (
					"DEBUG=1",
					"$(inherited)",
				);
				GCC_WARN_64_TO_32_BIT_CONVERSION = YES;
				GCC_WARN_ABOUT_RETURN_TYPE = YES_ERROR;
				GCC_WARN_UNDECLARED_SELECTOR = YES;
				GCC_WARN_UNINITIALIZED_AUTOS = YES_AGGRESSIVE;
				GCC_WARN_UNUSED_FUNCTION = YES;
				GCC_WARN_UNUSED_VARIABLE = YES;
				IPHONEOS_DEPLOYMENT_TARGET = 26.0;
				LOCALIZATION_PREFERS_STRING_CATALOGS = YES;
				MTL_ENABLE_DEBUG_INFO = INCLUDE_SOURCE;
				MTL_FAST_MATH = YES;
				ONLY_ACTIVE_ARCH = YES;
				SDKROOT = iphoneos;
				STRING_CATALOG_GENERATE_SYMBOLS = YES;
				SWIFT_ACTIVE_COMPILATION_CONDITIONS = "DEBUG $(inherited)";
				SWIFT_OPTIMIZATION_LEVEL = "-Onone";
			};
			name = Debug;
		};
		DBB89FB92D9B557F00073A41 /* Release */ = {
			isa = XCBuildConfiguration;
			baseConfigurationReference = B6179BB21458EEA4C6461FA1 /* SampleCode.xcconfig */;
			buildSettings = {
				ALWAYS_SEARCH_USER_PATHS = NO;
				ASSETCATALOG_COMPILER_GENERATE_SWIFT_ASSET_SYMBOL_EXTENSIONS = YES;
				CLANG_ANALYZER_NONNULL = YES;
				CLANG_ANALYZER_NUMBER_OBJECT_CONVERSION = YES_AGGRESSIVE;
				CLANG_CXX_LANGUAGE_STANDARD = "gnu++20";
				CLANG_ENABLE_MODULES = YES;
				CLANG_ENABLE_OBJC_ARC = YES;
				CLANG_ENABLE_OBJC_WEAK = YES;
				CLANG_WARN_BLOCK_CAPTURE_AUTORELEASING = YES;
				CLANG_WARN_BOOL_CONVERSION = YES;
				CLANG_WARN_COMMA = YES;
				CLANG_WARN_CONSTANT_CONVERSION = YES;
				CLANG_WARN_DEPRECATED_OBJC_IMPLEMENTATIONS = YES;
				CLANG_WARN_DIRECT_OBJC_ISA_USAGE = YES_ERROR;
				CLANG_WARN_DOCUMENTATION_COMMENTS = YES;
				CLANG_WARN_EMPTY_BODY = YES;
				CLANG_WARN_ENUM_CONVERSION = YES;
				CLANG_WARN_INFINITE_RECURSION = YES;
				CLANG_WARN_INT_CONVERSION = YES;
				CLANG_WARN_NON_LITERAL_NULL_CONVERSION = YES;
				CLANG_WARN_OBJC_IMPLICIT_RETAIN_SELF = YES;
				CLANG_WARN_OBJC_LITERAL_CONVERSION = YES;
				CLANG_WARN_OBJC_ROOT_CLASS = YES_ERROR;
				CLANG_WARN_QUOTED_INCLUDE_IN_FRAMEWORK_HEADER = YES;
				CLANG_WARN_RANGE_LOOP_ANALYSIS = YES;
				CLANG_WARN_STRICT_PROTOTYPES = YES;
				CLANG_WARN_SUSPICIOUS_MOVE = YES;
				CLANG_WARN_UNGUARDED_AVAILABILITY = YES_AGGRESSIVE;
				CLANG_WARN_UNREACHABLE_CODE = YES;
				CLANG_WARN__DUPLICATE_METHOD_MATCH = YES;
				COPY_PHASE_STRIP = NO;
				DEBUG_INFORMATION_FORMAT = "dwarf-with-dsym";
				DEVELOPMENT_TEAM = APKA63ZY6L;
				ENABLE_NS_ASSERTIONS = NO;
				ENABLE_STRICT_OBJC_MSGSEND = YES;
				ENABLE_USER_SCRIPT_SANDBOXING = YES;
				GCC_C_LANGUAGE_STANDARD = gnu17;
				GCC_NO_COMMON_BLOCKS = YES;
				GCC_WARN_64_TO_32_BIT_CONVERSION = YES;
				GCC_WARN_ABOUT_RETURN_TYPE = YES_ERROR;
				GCC_WARN_UNDECLARED_SELECTOR = YES;
				GCC_WARN_UNINITIALIZED_AUTOS = YES_AGGRESSIVE;
				GCC_WARN_UNUSED_FUNCTION = YES;
				GCC_WARN_UNUSED_VARIABLE = YES;
				IPHONEOS_DEPLOYMENT_TARGET = 26.0;
				LOCALIZATION_PREFERS_STRING_CATALOGS = YES;
				MTL_ENABLE_DEBUG_INFO = NO;
				MTL_FAST_MATH = YES;
				SDKROOT = iphoneos;
				STRING_CATALOG_GENERATE_SYMBOLS = YES;
				SWIFT_COMPILATION_MODE = wholemodule;
				VALIDATE_PRODUCT = YES;
			};
			name = Release;
		};
		DBB89FBB2D9B557F00073A41 /* Debug */ = {
			isa = XCBuildConfiguration;
			baseConfigurationReference = B6179BB21458EEA4C6461FA1 /* SampleCode.xcconfig */;
			buildSettings = {
				AD_HOC_CODE_SIGNING_ALLOWED = YES;
				ASSETCATALOG_COMPILER_APPICON_NAME = AppIcon;
				ASSETCATALOG_COMPILER_GLOBAL_ACCENT_COLOR_NAME = AccentColor;
				CODE_SIGN_ENTITLEMENTS = SimpleURLFilter/SimpleURLFilter.entitlements;
				CODE_SIGN_IDENTITY = "Apple Development";
				CODE_SIGN_STYLE = Automatic;
				CURRENT_PROJECT_VERSION = 1;
				DEVELOPMENT_ASSET_PATHS = "\"SimpleURLFilter/Preview Content\"";
				DEVELOPMENT_TEAM = APKA63ZY6L;
				ENABLE_APP_SANDBOX = YES;
				ENABLE_HARDENED_RUNTIME = YES;
				ENABLE_OUTGOING_NETWORK_CONNECTIONS = YES;
				ENABLE_PREVIEWS = YES;
				ENABLE_USER_SCRIPT_SANDBOXING = YES;
				GENERATE_INFOPLIST_FILE = YES;
				INFOPLIST_KEY_CFBundleDisplayName = SimpleURLFilter;
				INFOPLIST_KEY_UIApplicationSceneManifest_Generation = YES;
				INFOPLIST_KEY_UIApplicationSupportsIndirectInputEvents = YES;
				INFOPLIST_KEY_UILaunchScreen_Generation = YES;
				INFOPLIST_KEY_UISupportedInterfaceOrientations_iPad = "UIInterfaceOrientationPortrait UIInterfaceOrientationPortraitUpsideDown UIInterfaceOrientationLandscapeLeft UIInterfaceOrientationLandscapeRight";
				INFOPLIST_KEY_UISupportedInterfaceOrientations_iPhone = "UIInterfaceOrientationPortrait UIInterfaceOrientationLandscapeLeft UIInterfaceOrientationLandscapeRight";
				IPHONEOS_DEPLOYMENT_TARGET = 26.0;
				LD_RUNPATH_SEARCH_PATHS = (
					"$(inherited)",
					"@executable_path/Frameworks",
				);
				MACOSX_DEPLOYMENT_TARGET = 26.0;
				MARKETING_VERSION = 1.0;
				PRODUCT_BUNDLE_IDENTIFIER = com.jdjr.samplecode.SwiftBloomFilter;
				PRODUCT_NAME = "$(TARGET_NAME)";
				PROVISIONING_PROFILE_SPECIFIER = "";
				REGISTER_APP_GROUPS = YES;
				SUPPORTED_PLATFORMS = "iphoneos iphonesimulator macosx";
				SUPPORTS_MACCATALYST = NO;
				SUPPORTS_MAC_DESIGNED_FOR_IPHONE_IPAD = NO;
				SWIFT_EMIT_LOC_STRINGS = YES;
				SWIFT_VERSION = 5.0;
				TARGETED_DEVICE_FAMILY = "1,2";
			};
			name = Debug;
		};
		DBB89FBC2D9B557F00073A41 /* Release */ = {
			isa = XCBuildConfiguration;
			baseConfigurationReference = B6179BB21458EEA4C6461FA1 /* SampleCode.xcconfig */;
			buildSettings = {
				AD_HOC_CODE_SIGNING_ALLOWED = YES;
				ASSETCATALOG_COMPILER_APPICON_NAME = AppIcon;
				ASSETCATALOG_COMPILER_GLOBAL_ACCENT_COLOR_NAME = AccentColor;
				CODE_SIGN_ENTITLEMENTS = SimpleURLFilter/SimpleURLFilter.entitlements;
				CODE_SIGN_IDENTITY = "Apple Development";
				CODE_SIGN_STYLE = Automatic;
				CURRENT_PROJECT_VERSION = 1;
				DEVELOPMENT_ASSET_PATHS = "\"SimpleURLFilter/Preview Content\"";
				DEVELOPMENT_TEAM = APKA63ZY6L;
				ENABLE_PREVIEWS = YES;
				ENABLE_USER_SCRIPT_SANDBOXING = YES;
				GENERATE_INFOPLIST_FILE = YES;
				INFOPLIST_KEY_CFBundleDisplayName = SimpleURLFilter;
				INFOPLIST_KEY_UIApplicationSceneManifest_Generation = YES;
				INFOPLIST_KEY_UIApplicationSupportsIndirectInputEvents = YES;
				INFOPLIST_KEY_UILaunchScreen_Generation = YES;
				INFOPLIST_KEY_UISupportedInterfaceOrientations_iPad = "UIInterfaceOrientationPortrait UIInterfaceOrientationPortraitUpsideDown UIInterfaceOrientationLandscapeLeft UIInterfaceOrientationLandscapeRight";
				INFOPLIST_KEY_UISupportedInterfaceOrientations_iPhone = "UIInterfaceOrientationPortrait UIInterfaceOrientationLandscapeLeft UIInterfaceOrientationLandscapeRight";
				IPHONEOS_DEPLOYMENT_TARGET = 26.0;
				LD_RUNPATH_SEARCH_PATHS = (
					"$(inherited)",
					"@executable_path/Frameworks",
				);
				MACOSX_DEPLOYMENT_TARGET = 26.0;
				MARKETING_VERSION = 1.0;
				PRODUCT_BUNDLE_IDENTIFIER = com.jdjr.samplecode.SwiftBloomFilter;
				PRODUCT_NAME = "$(TARGET_NAME)";
				PROVISIONING_PROFILE_SPECIFIER = "";
				SUPPORTED_PLATFORMS = "iphoneos iphonesimulator macosx";
				SUPPORTS_MACCATALYST = NO;
				SUPPORTS_MAC_DESIGNED_FOR_IPHONE_IPAD = NO;
				SWIFT_EMIT_LOC_STRINGS = YES;
				SWIFT_VERSION = 5.0;
				TARGETED_DEVICE_FAMILY = "1,2";
			};
			name = Release;
		};
		E10000112DA041A400A263B8 /* Debug */ = {
			isa = XCBuildConfiguration;
			baseConfigurationReference = B6179BB21458EEA4C6461FA1 /* SampleCode.xcconfig */;
			buildSettings = {
				CODE_SIGN_ENTITLEMENTS = LiveCallerID/LiveCallerIDLookupExtension.entitlements;
				CODE_SIGN_IDENTITY = "Apple Development";
				CODE_SIGN_STYLE = Automatic;
				DEVELOPMENT_TEAM = APKA63ZY6L;
				INFOPLIST_FILE = LiveCallerID/Info.plist;
				IPHONEOS_DEPLOYMENT_TARGET = 26.0;
				PRODUCT_BUNDLE_IDENTIFIER = com.jdjr.samplecode.SwiftBloomFilter.LiveCallerIDExtension;
				PRODUCT_NAME = "$(TARGET_NAME)";
				PROVISIONING_PROFILE_SPECIFIER = "";
				SKIP_INSTALL = YES;
				SUPPORTED_PLATFORMS = "iphoneos iphonesimulator";
				SWIFT_VERSION = 5.0;
				TARGETED_DEVICE_FAMILY = "1,2";
			};
			name = Debug;
		};
		E10000122DA041A400A263B8 /* Release */ = {
			isa = XCBuildConfiguration;
			baseConfigurationReference = B6179BB21458EEA4C6461FA1 /* SampleCode.xcconfig */;
			buildSettings = {
				CODE_SIGN_ENTITLEMENTS = LiveCallerID/LiveCallerIDLookupExtension.entitlements;
				CODE_SIGN_IDENTITY = "Apple Development";
				CODE_SIGN_STYLE = Automatic;
				DEVELOPMENT_TEAM = APKA63ZY6L;
				INFOPLIST_FILE = LiveCallerID/Info.plist;
				IPHONEOS_DEPLOYMENT_TARGET = 26.0;
				PRODUCT_BUNDLE_IDENTIFIER = com.jdjr.samplecode.SwiftBloomFilter.LiveCallerIDExtension;
				PRODUCT_NAME = "$(TARGET_NAME)";
				PROVISIONING_PROFILE_SPECIFIER = "";
				SKIP_INSTALL = YES;
				SUPPORTED_PLATFORMS = "iphoneos iphonesimulator";
				SWIFT_VERSION = 5.0;
				TARGETED_DEVICE_FAMILY = "1,2";
			};
			name = Release;
		};
/* End XCBuildConfiguration section */

/* Begin XCConfigurationList section */
		B14DDF412DA041A400A263B8 /* Build configuration list for PBXNativeTarget "SimpleURLFilterExtension" */ = {
			isa = XCConfigurationList;
			buildConfigurations = (
				B14DDF422DA041A400A263B8 /* Debug */,
				B14DDF432DA041A400A263B8 /* Release */,
			);
			defaultConfigurationIsVisible = 0;
			defaultConfigurationName = Release;
		};
		DBB89FA72D9B557E00073A41 /* Build configuration list for PBXProject "SimpleURLFilter" */ = {
			isa = XCConfigurationList;
			buildConfigurations = (
				DBB89FB82D9B557F00073A41 /* Debug */,
				DBB89FB92D9B557F00073A41 /* Release */,
			);
			defaultConfigurationIsVisible = 0;
			defaultConfigurationName = Release;
		};
		DBB89FBA2D9B557F00073A41 /* Build configuration list for PBXNativeTarget "SimpleURLFilter" */ = {
			isa = XCConfigurationList;
			buildConfigurations = (
				DBB89FBB2D9B557F00073A41 /* Debug */,
				DBB89FBC2D9B557F00073A41 /* Release */,
			);
			defaultConfigurationIsVisible = 0;
			defaultConfigurationName = Release;
		};
		E10000102DA041A400A263B8 /* Build configuration list for PBXNativeTarget "LiveCallerIDLookupExtension" */ = {
			isa = XCConfigurationList;
			buildConfigurations = (
				E10000112DA041A400A263B8 /* Debug */,
				E10000122DA041A400A263B8 /* Release */,
			);
			defaultConfigurationIsVisible = 0;
			defaultConfigurationName = Release;
		};
/* End XCConfigurationList section */
	};
	rootObject = DBB89FA42D9B557E00073A41 /* Project object */;
}
